{
  "requires": true,
  "lockfileVersion": 1,
  "dependencies": {
    "@types/prop-types": {
      "version": "15.7.3",
      "resolved": "https://npm2.myones.net/@types/prop-types/download/@types/prop-types-15.7.3.tgz",
      "integrity": "sha1-KrDV2i5YFflLC51LldHl8kOrLKc="
    },
    "@types/react": {
      "version": "16.9.22",
      "resolved": "https://npm2.myones.net/@types/react/download/@types/react-16.9.22.tgz",
      "integrity": "sha1-8CiMktlOk8S0Pj9WM+33iLLAQK4=",
      "requires": {
        "@types/prop-types": "*",
        "csstype": "^2.2.0"
      }
    },
    "@types/react-dom": {
      "version": "16.9.5",
      "resolved": "https://npm2.myones.net/@types/react-dom/download/@types/react-dom-16.9.5.tgz",
      "integrity": "sha1-XeYQsEo10H/9j0TtrZOnEDLZqqc=",
      "dev": true,
      "requires": {
        "@types/react": "*"
      }
    },
    "csstype": {
      "version": "2.6.9",
      "resolved": "https://npm2.myones.net/csstype/download/csstype-2.6.9.tgz",
      "integrity": "sha1-BRQdDNVXpWuIkTlMGRHEDIqY0Jg="
    }
  }
}
