# THIS IS AN AUTOGENERATED FILE. DO NOT EDIT THIS FILE DIRECTLY.
# yarn lockfile v1


"@formatjs/intl-displaynames@^1.2.1":
  version "1.2.1"
  resolved "https://registry.npm.taobao.org/@formatjs/intl-displaynames/download/@formatjs/intl-displaynames-1.2.1.tgz#7560fedc9bde5da15dfa13d4bd69f2e468fd08bb"
  integrity sha1-dWD+3JveXaFd+hPUvWny5Gj9CLs=
  dependencies:
    "@formatjs/intl-utils" "^2.2.0"

"@formatjs/intl-listformat@^1.4.1":
  version "1.4.1"
  resolved "https://registry.npm.taobao.org/@formatjs/intl-listformat/download/@formatjs/intl-listformat-1.4.1.tgz#a467cc6857808f2eec78e5bdd0ae03b224e89d0c"
  integrity sha1-pGfMaFeAjy7seOW90K4DsiTonQw=
  dependencies:
    "@formatjs/intl-utils" "^2.2.0"

"@formatjs/intl-relativetimeformat@^4.5.9":
  version "4.5.9"
  resolved "https://registry.npm.taobao.org/@formatjs/intl-relativetimeformat/download/@formatjs/intl-relativetimeformat-4.5.9.tgz#d9b74724a7cbcb4edc9d751b2979195fab4d39cc"
  integrity sha1-2bdHJKfLy07cnXUbKXkZX6tNOcw=
  dependencies:
    "@formatjs/intl-utils" "^2.2.0"

"@formatjs/intl-unified-numberformat@^3.2.0":
  version "3.2.0"
  resolved "https://registry.npm.taobao.org/@formatjs/intl-unified-numberformat/download/@formatjs/intl-unified-numberformat-3.2.0.tgz#5197987e61ba0972889105e525f1cbe6d91cf46f"
  integrity sha1-UZeYfmG6CXKIkQXlJfHL5tkc9G8=
  dependencies:
    "@formatjs/intl-utils" "^2.2.0"

"@formatjs/intl-utils@^2.2.0":
  version "2.2.0"
  resolved "https://registry.npm.taobao.org/@formatjs/intl-utils/download/@formatjs/intl-utils-2.2.0.tgz#ba6e12fe64ff7fd160be392007c47d24b7ae5c75"
  integrity sha1-um4S/mT/f9FgvjkgB8R9JLeuXHU=

"@types/hoist-non-react-statics@^3.3.1":
  version "3.3.1"
  resolved "https://registry.npm.taobao.org/@types/hoist-non-react-statics/download/@types/hoist-non-react-statics-3.3.1.tgz#1124aafe5118cb591977aeb1ceaaed1070eb039f"
  integrity sha1-ESSq/lEYy1kZd66xzqrtEHDrA58=
  dependencies:
    "@types/react" "*"
    hoist-non-react-statics "^3.3.0"

"@types/invariant@^2.2.31":
  version "2.2.31"
  resolved "https://registry.npm.taobao.org/@types/invariant/download/@types/invariant-2.2.31.tgz#4444c03004f215289dbca3856538434317dd28b2"
  integrity sha1-RETAMATyFSidvKOFZThDQxfdKLI=

"@types/prop-types@*":
  version "15.7.3"
  resolved "https://registry.npm.taobao.org/@types/prop-types/download/@types/prop-types-15.7.3.tgz#2ab0d5da2e5815f94b0b9d4b95d1e5f243ab2ca7"
  integrity sha1-KrDV2i5YFflLC51LldHl8kOrLKc=

"@types/react@*":
  version "16.9.23"
  resolved "https://registry.npm.taobao.org/@types/react/download/@types/react-16.9.23.tgz?cache=0&other_urls=https%3A%2F%2Fregistry.npm.taobao.org%2F%40types%2Freact%2Fdownload%2F%40types%2Freact-16.9.23.tgz#1a66c6d468ba11a8943ad958a8cb3e737568271c"
  integrity sha1-GmbG1Gi6EaiUOtlYqMs+c3VoJxw=
  dependencies:
    "@types/prop-types" "*"
    csstype "^2.2.0"

csstype@^2.2.0:
  version "2.6.9"
  resolved "https://registry.npm.taobao.org/csstype/download/csstype-2.6.9.tgz?cache=0&other_urls=https%3A%2F%2Fregistry.npm.taobao.org%2Fcsstype%2Fdownload%2Fcsstype-2.6.9.tgz#05141d0cd557a56b8891394c1911c40c8a98d098"
  integrity sha1-BRQdDNVXpWuIkTlMGRHEDIqY0Jg=

hoist-non-react-statics@^3.3.0, hoist-non-react-statics@^3.3.2:
  version "3.3.2"
  resolved "https://registry.npm.taobao.org/hoist-non-react-statics/download/hoist-non-react-statics-3.3.2.tgz?cache=0&sync_timestamp=1579746018776&other_urls=https%3A%2F%2Fregistry.npm.taobao.org%2Fhoist-non-react-statics%2Fdownload%2Fhoist-non-react-statics-3.3.2.tgz#ece0acaf71d62c2969c2ec59feff42a4b1a85b45"
  integrity sha1-7OCsr3HWLClpwuxZ/v9CpLGoW0U=
  dependencies:
    react-is "^16.7.0"

intl-format-cache@^4.2.21:
  version "4.2.21"
  resolved "https://registry.npm.taobao.org/intl-format-cache/download/intl-format-cache-4.2.21.tgz#d8e0bdfc357448f48dc1ab44670dc64a19b24f51"
  integrity sha1-2OC9/DV0SPSNwatEZw3GShmyT1E=

intl-messageformat-parser@^4.1.0:
  version "4.1.0"
  resolved "https://registry.npm.taobao.org/intl-messageformat-parser/download/intl-messageformat-parser-4.1.0.tgz#a961385c99318eeaf7721faf9ac8a0f7fea8e391"
  integrity sha1-qWE4XJkxjur3ch+vmsig9/6o45E=
  dependencies:
    "@formatjs/intl-unified-numberformat" "^3.2.0"

intl-messageformat@^8.2.1:
  version "8.2.1"
  resolved "https://registry.npm.taobao.org/intl-messageformat/download/intl-messageformat-8.2.1.tgz#11a539ad7ba815c511d8dafdda66e80fb2e5609d"
  integrity sha1-EaU5rXuoFcUR2Nr92mboD7LlYJ0=
  dependencies:
    intl-format-cache "^4.2.21"
    intl-messageformat-parser "^4.1.0"

react-intl@^4.1.1:
  version "4.1.1"
  resolved "https://registry.npm.taobao.org/react-intl/download/react-intl-4.1.1.tgz#f6e409f6fb114740d603db9fe35881252cd78944"
  integrity sha1-9uQJ9vsRR0DWA9uf41iBJSzXiUQ=
  dependencies:
    "@formatjs/intl-displaynames" "^1.2.1"
    "@formatjs/intl-listformat" "^1.4.1"
    "@formatjs/intl-relativetimeformat" "^4.5.9"
    "@formatjs/intl-unified-numberformat" "^3.2.0"
    "@formatjs/intl-utils" "^2.2.0"
    "@types/hoist-non-react-statics" "^3.3.1"
    "@types/invariant" "^2.2.31"
    hoist-non-react-statics "^3.3.2"
    intl-format-cache "^4.2.21"
    intl-messageformat "^8.2.1"
    intl-messageformat-parser "^4.1.0"
    shallow-equal "^1.2.1"

react-is@^16.7.0:
  version "16.13.0"
  resolved "https://registry.npm.taobao.org/react-is/download/react-is-16.13.0.tgz#0f37c3613c34fe6b37cd7f763a0d6293ab15c527"
  integrity sha1-DzfDYTw0/ms3zX92Og1ik6sVxSc=

shallow-equal@^1.2.1:
  version "1.2.1"
  resolved "https://registry.npm.taobao.org/shallow-equal/download/shallow-equal-1.2.1.tgz?cache=0&sync_timestamp=1575626957267&other_urls=https%3A%2F%2Fregistry.npm.taobao.org%2Fshallow-equal%2Fdownload%2Fshallow-equal-1.2.1.tgz#4c16abfa56043aa20d050324efa68940b0da79da"
  integrity sha1-TBar+lYEOqINBQMk76aJQLDaedo=
