{
  "name": "scripts",
  "version": "1.0.0",
  "lockfileVersion": 1,
  "requires": true,
  "dependencies": {
    "@types/async": {
      "version": "3.0.3",
      "resolved": "https://npm2.myones.net/@types/async/download/@types/async-3.0.3.tgz",
      "integrity": "sha1-6jaUEox1dYDk+TKM2UG4HZw+m/Y="
    },
    "@types/csvtojson": {
      "version": "1.1.5",
      "resolved": "https://npm2.myones.net/@types/csvtojson/download/@types/csvtojson-1.1.5.tgz",
      "integrity": "sha1-sVAISb0KHvWNk7A6YdiJ4tQKkSs=",
      "dev": true,
      "requires": {
        "@types/node": "*"
      }
    },
    "@types/node": {
      "version": "13.7.7",
      "resolved": "https://npm2.myones.net/@types/node/download/@types/node-13.7.7.tgz",
      "integrity": "sha1-FijmRhuozJtTGW3+rux7B/pu6pk="
    },
    "arg": {
      "version": "4.1.2",
      "resolved": "https://npm2.myones.net/arg/download/arg-4.1.2.tgz",
      "integrity": "sha1-5wyQV54Cxj2A461OMdi/24vVAGQ=",
      "dev": true
    },
    "async": {
      "version": "3.2.0",
      "resolved": "https://npm2.myones.net/async/download/async-3.2.0.tgz",
      "integrity": "sha1-s6JoXF67ZB094C0WEALGD8n4VyA="
    },
    "aws-sdk": {
      "version": "2.606.0",
      "resolved": "https://npm2.myones.net/aws-sdk/download/aws-sdk-2.606.0.tgz",
      "integrity": "sha1-h3/611866GiKJE9O+7Ka52Yilbk=",
      "requires": {
        "buffer": "4.9.1",
        "events": "1.1.1",
        "ieee754": "1.1.13",
        "jmespath": "0.15.0",
        "querystring": "0.2.0",
        "sax": "1.2.1",
        "url": "0.10.3",
        "uuid": "3.3.2",
        "xml2js": "0.4.19"
      }
    },
    "base64-js": {
      "version": "1.3.1",
      "resolved": "https://npm2.myones.net/base64-js/download/base64-js-1.3.1.tgz",
      "integrity": "sha1-WOzoy3XdB+ce0IxzarxfrE2/jfE="
    },
    "bluebird": {
      "version": "3.7.2",
      "resolved": "https://npm2.myones.net/bluebird/download/bluebird-3.7.2.tgz",
      "integrity": "sha1-nyKcFb4nJFT/qXOs4NvueaGww28="
    },
    "buffer": {
      "version": "4.9.1",
      "resolved": "https://npm2.myones.net/buffer/download/buffer-4.9.1.tgz",
      "integrity": "sha1-bRu2AbB6TvztlwlBMgkwJ8lbwpg=",
      "requires": {
        "base64-js": "^1.0.2",
        "ieee754": "^1.1.4",
        "isarray": "^1.0.0"
      }
    },
    "buffer-from": {
      "version": "1.1.1",
      "resolved": "https://npm2.myones.net/buffer-from/download/buffer-from-1.1.1.tgz",
      "integrity": "sha1-MnE7wCj3XAL9txDXx7zsHyxgcO8=",
      "dev": true
    },
    "csv-parse": {
      "version": "4.8.3",
      "resolved": "https://npm2.myones.net/csv-parse/download/csv-parse-4.8.3.tgz",
      "integrity": "sha1-n5tmw+fjBAnbo9COzYnqoEsyBlk="
    },
    "csvtojson": {
      "version": "2.0.10",
      "resolved": "https://npm2.myones.net/csvtojson/download/csvtojson-2.0.10.tgz",
      "integrity": "sha1-EeckLMYw2lTvznlYpF9EMhA1dXQ=",
      "requires": {
        "bluebird": "^3.5.1",
        "lodash": "^4.17.3",
        "strip-bom": "^2.0.0"
      }
    },
    "diff": {
      "version": "4.0.2",
      "resolved": "https://npm2.myones.net/diff/download/diff-4.0.2.tgz",
      "integrity": "sha1-YPOuy4nV+uUgwRqhnvwruYKq3n0=",
      "dev": true
    },
    "events": {
      "version": "1.1.1",
      "resolved": "https://npm2.myones.net/events/download/events-1.1.1.tgz",
      "integrity": "sha1-nr23Y1rQmccNzEwqH1AEKI6L2SQ="
    },
    "ieee754": {
      "version": "1.1.13",
      "resolved": "https://npm2.myones.net/ieee754/download/ieee754-1.1.13.tgz",
      "integrity": "sha1-7BaFWOlaoYH9h9N/VcMrvLZwi4Q="
    },
    "is-utf8": {
      "version": "0.2.1",
      "resolved": "https://npm2.myones.net/is-utf8/download/is-utf8-0.2.1.tgz",
      "integrity": "sha1-Sw2hRCEE0bM2NA6AeX6GXPOffXI="
    },
    "isarray": {
      "version": "1.0.0",
      "resolved": "https://npm2.myones.net/isarray/download/isarray-1.0.0.tgz",
      "integrity": "sha1-u5NdSFgsuhaMBoNJV6VKPgcSTxE="
    },
    "jmespath": {
      "version": "0.15.0",
      "resolved": "https://npm2.myones.net/jmespath/download/jmespath-0.15.0.tgz",
      "integrity": "sha1-o/Iiqarp+Wb10nx5ZRDigJF2Qhc="
    },
    "lodash": {
      "version": "4.17.15",
      "resolved": "https://npm2.myones.net/lodash/download/lodash-4.17.15.tgz",
      "integrity": "sha1-tEf2ZwoEVbv+7dETku/zMOoJdUg="
    },
    "make-error": {
      "version": "1.3.5",
      "resolved": "https://npm2.myones.net/make-error/download/make-error-1.3.5.tgz",
      "integrity": "sha1-7+ToH22yjK3WBccPKcgxtY73dsg=",
      "dev": true
    },
    "papaparse": {
      "version": "5.1.1",
      "resolved": "https://registry.npmjs.org/papaparse/-/papaparse-5.1.1.tgz",
      "integrity": "sha512-KPkW4GNQxunmYTeJIjHFrvilcNuHBWrfgbyvmagEmfGOA4hnP1WIkPbv4yABhj1Nam3as4w+7MBiI27BntwqVg=="
    },
    "punycode": {
      "version": "1.3.2",
      "resolved": "https://npm2.myones.net/punycode/download/punycode-1.3.2.tgz",
      "integrity": "sha1-llOgNvt8HuQjQvIyXM7v6jkmxI0="
    },
    "querystring": {
      "version": "0.2.0",
      "resolved": "https://npm2.myones.net/querystring/download/querystring-0.2.0.tgz",
      "integrity": "sha1-sgmEkgO7Jd+CDadW50cAWHhSFiA="
    },
    "sax": {
      "version": "1.2.1",
      "resolved": "https://npm2.myones.net/sax/download/sax-1.2.1.tgz",
      "integrity": "sha1-e45lYZCyKOgaZq6nSEgNgozS03o="
    },
    "source-map": {
      "version": "0.6.1",
      "resolved": "https://npm2.myones.net/source-map/download/source-map-0.6.1.tgz",
      "integrity": "sha1-dHIq8y6WFOnCh6jQu95IteLxomM=",
      "dev": true
    },
    "source-map-support": {
      "version": "0.5.16",
      "resolved": "https://npm2.myones.net/source-map-support/download/source-map-support-0.5.16.tgz",
      "integrity": "sha1-CuBp5/47p1OMZMmFFeNTOerFoEI=",
      "dev": true,
      "requires": {
        "buffer-from": "^1.0.0",
        "source-map": "^0.6.0"
      }
    },
    "strip-bom": {
      "version": "2.0.0",
      "resolved": "https://npm2.myones.net/strip-bom/download/strip-bom-2.0.0.tgz",
      "integrity": "sha1-YhmoVhZSBJHzV4i9vxRHqZx+aw4=",
      "requires": {
        "is-utf8": "^0.2.0"
      }
    },
    "ts-node": {
      "version": "8.5.4",
      "resolved": "https://npm2.myones.net/ts-node/download/ts-node-8.5.4.tgz",
      "integrity": "sha1-oVKt0R+hnCIdC0iWLCEM9GcmKrI=",
      "dev": true,
      "requires": {
        "arg": "^4.1.0",
        "diff": "^4.0.1",
        "make-error": "^1.1.1",
        "source-map-support": "^0.5.6",
        "yn": "^3.0.0"
      }
    },
    "url": {
      "version": "0.10.3",
      "resolved": "https://npm2.myones.net/url/download/url-0.10.3.tgz",
      "integrity": "sha1-Ah5NnHcF8hu/N9A861h2dAJ3TGQ=",
      "requires": {
        "punycode": "1.3.2",
        "querystring": "0.2.0"
      }
    },
    "uuid": {
      "version": "3.3.2",
      "resolved": "https://npm2.myones.net/uuid/download/uuid-3.3.2.tgz",
      "integrity": "sha1-G0r0lV6zB3xQHCOHL8ZROBFYcTE="
    },
    "xml2js": {
      "version": "0.4.19",
      "resolved": "https://npm2.myones.net/xml2js/download/xml2js-0.4.19.tgz",
      "integrity": "sha1-aGwg8hMgnpSr8NG88e+qKRx4J6c=",
      "requires": {
        "sax": ">=0.6.0",
        "xmlbuilder": "~9.0.1"
      }
    },
    "xmlbuilder": {
      "version": "9.0.7",
      "resolved": "https://npm2.myones.net/xmlbuilder/download/xmlbuilder-9.0.7.tgz",
      "integrity": "sha1-Ey7mPS7FVlxVfiD0wi35rKaGsQ0="
    },
    "yn": {
      "version": "3.1.1",
      "resolved": "https://npm2.myones.net/yn/download/yn-3.1.1.tgz",
      "integrity": "sha1-HodAGgnXZ8HV6rJqbkwYUYLS61A=",
      "dev": true
    }
  }
}
